
Microsoft Visual Studio Solution File, Format Version 12.00
# Visual Studio Version 16
VisualStudioVersion = 16.0.808.0
MinimumVisualStudioVersion = 10.0.40219.1
Project("{FAE04EC0-301F-11D3-BF4B-00C04F79EFBC}") = "Backend", "Backend\Backend.csproj", "{39676619-3D5C-4215-8939-DC1A8919DA9A}"
EndProject
Project("{FAE04EC0-301F-11D3-BF4B-00C04F79EFBC}") = "Entities", "Entities\Entities.csproj", "{3F70620E-01BB-4F32-A582-B60B20AFF843}"
EndProject
Project("{2150E333-8FDC-42A3-9474-1A3956D46DE8}") = "Solution Items", "Solution Items", "{79C6060B-A03F-4BB3-A011-B8C45CC7682B}"
	ProjectSection(SolutionItems) = preProject
		commands.txt = commands.txt
	EndProjectSection
EndProject
Global
	GlobalSection(SolutionConfigurationPlatforms) = preSolution
		Debug|Any CPU = Debug|Any CPU
		Release|Any CPU = Release|Any CPU
	EndGlobalSection
	GlobalSection(ProjectConfigurationPlatforms) = postSolution
		{39676619-3D5C-4215-8939-DC1A8919DA9A}.Debug|Any CPU.ActiveCfg = Debug|Any CPU
		{39676619-3D5C-4215-8939-DC1A8919DA9A}.Debug|Any CPU.Build.0 = Debug|Any CPU
		{39676619-3D5C-4215-8939-DC1A8919DA9A}.Release|Any CPU.ActiveCfg = Release|Any CPU
		{39676619-3D5C-4215-8939-DC1A8919DA9A}.Release|Any CPU.Build.0 = Release|Any CPU
		{3F70620E-01BB-4F32-A582-B60B20AFF843}.Debug|Any CPU.ActiveCfg = Debug|Any CPU
		{3F70620E-01BB-4F32-A582-B60B20AFF843}.Debug|Any CPU.Build.0 = Debug|Any CPU
		{3F70620E-01BB-4F32-A582-B60B20AFF843}.Release|Any CPU.ActiveCfg = Release|Any CPU
		{3F70620E-01BB-4F32-A582-B60B20AFF843}.Release|Any CPU.Build.0 = Release|Any CPU
	EndGlobalSection
	GlobalSection(SolutionProperties) = preSolution
		HideSolutionNode = FALSE
	EndGlobalSection
	GlobalSection(ExtensibilityGlobals) = postSolution
		SolutionGuid = {B63CB701-5433-4B70-A63C-6C11B43653A5}
	EndGlobalSection
EndGlobal
